// !$*UTF8*$!
{
	archiveVersion = 1;
	classes = {
	};
	objectVersion = 46;
	objects = {

/* Begin PBXBuildFile section */
		8BFCE09A1BA53BB800C6F563 /* main.m in Sources */ = {isa = PBXBuildFile; fileRef = 8BFCE0991BA53BB800C6F563 /* main.m */; };
		8BFCE09D1BA53BB800C6F563 /* AppDelegate.m in Sources */ = {isa = PBXBuildFile; fileRef = 8BFCE09C1BA53BB800C6F563 /* AppDelegate.m */; };
		8BFCE0A01BA53BB800C6F563 /* FirstViewController.m in Sources */ = {isa = PBXBuildFile; fileRef = 8BFCE09F1BA53BB800C6F563 /* FirstViewController.m */; };
		8BFCE0A31BA53BB800C6F563 /* SecondViewController.m in Sources */ = {isa = PBXBuildFile; fileRef = 8BFCE0A21BA53BB800C6F563 /* SecondViewController.m */; };
		8BFCE0A61BA53BB900C6F563 /* Main.storyboard in Resources */ = {isa = PBXBuildFile; fileRef = 8BFCE0A41BA53BB900C6F563 /* Main.storyboard */; };
		8BFCE0A81BA53BB900C6F563 /* Images.xcassets in Resources */ = {isa = PBXBuildFile; fileRef = 8BFCE0A71BA53BB900C6F563 /* Images.xcassets */; };
		8BFCE0AB1BA53BB900C6F563 /* LaunchScreen.xib in Resources */ = {isa = PBXBuildFile; fileRef = 8BFCE0A91BA53BB900C6F563 /* LaunchScreen.xib */; };
		8BFCE0B71BA53BB900C6F563 /* SocialNetworkTests.m in Sources */ = {isa = PBXBuildFile; fileRef = 8BFCE0B61BA53BB900C6F563 /* SocialNetworkTests.m */; };
/* End PBXBuildFile section */

/* Begin PBXContainerItemProxy section */
		8BFCE0B11BA53BB900C6F563 /* PBXContainerItemProxy */ = {
			isa = PBXContainerItemProxy;
			containerPortal = 8BFCE08C1BA53BB800C6F563 /* Project object */;
			proxyType = 1;
			remoteGlobalIDString = 8BFCE0931BA53BB800C6F563;
			remoteInfo = SocialNetwork;
		};
/* End PBXContainerItemProxy section */

/* Begin PBXFileReference section */
		8BFCE0941BA53BB800C6F563 /* SocialNetwork.app */ = {isa = PBXFileReference; explicitFileType = wrapper.application; includeInIndex = 0; path = SocialNetwork.app; sourceTree = BUILT_PRODUCTS_DIR; };
		8BFCE0981BA53BB800C6F563 /* Info.plist */ = {isa = PBXFileReference; lastKnownFileType = text.plist.xml; path = Info.plist; sourceTree = "<group>"; };
		8BFCE0991BA53BB800C6F563 /* main.m */ = {isa = PBXFileReference; lastKnownFileType = sourcecode.c.objc; path = main.m; sourceTree = "<group>"; };
		8BFCE09B1BA53BB800C6F563 /* AppDelegate.h */ = {isa = PBXFileReference; lastKnownFileType = sourcecode.c.h; path = AppDelegate.h; sourceTree = "<group>"; };
		8BFCE09C1BA53BB800C6F563 /* AppDelegate.m */ = {isa = PBXFileReference; lastKnownFileType = sourcecode.c.objc; path = AppDelegate.m; sourceTree = "<group>"; };
		8BFCE09E1BA53BB800C6F563 /* FirstViewController.h */ = {isa = PBXFileReference; lastKnownFileType = sourcecode.c.h; path = FirstViewController.h; sourceTree = "<group>"; };
		8BFCE09F1BA53BB800C6F563 /* FirstViewController.m */ = {isa = PBXFileReference; lastKnownFileType = sourcecode.c.objc; path = FirstViewController.m; sourceTree = "<group>"; };
		8BFCE0A11BA53BB800C6F563 /* SecondViewController.h */ = {isa = PBXFileReference; lastKnownFileType = sourcecode.c.h; path = SecondViewController.h; sourceTree = "<group>"; };
		8BFCE0A21BA53BB800C6F563 /* SecondViewController.m */ = {isa = PBXFileReference; lastKnownFileType = sourcecode.c.objc; path = SecondViewController.m; sourceTree = "<group>"; };
		8BFCE0A51BA53BB900C6F563 /* Base */ = {isa = PBXFileReference; lastKnownFileType = file.storyboard; name = Base; path = Base.lproj/Main.storyboard; sourceTree = "<group>"; };
		8BFCE0A71BA53BB900C6F563 /* Images.xcassets */ = {isa = PBXFileReference; lastKnownFileType = folder.assetcatalog; path = Images.xcassets; sourceTree = "<group>"; };
		8BFCE0AA1BA53BB900C6F563 /* Base */ = {isa = PBXFileReference; lastKnownFileType = file.xib; name = Base; path = Base.lproj/LaunchScreen.xib; sourceTree = "<group>"; };
		8BFCE0B01BA53BB900C6F563 /* SocialNetworkTests.xctest */ = {isa = PBXFileReference; explicitFileType = wrapper.cfbundle; includeInIndex = 0; path = SocialNetworkTests.xctest; sourceTree = BUILT_PRODUCTS_DIR; };
		8BFCE0B51BA53BB900C6F563 /* Info.plist */ = {isa = PBXFileReference; lastKnownFileType = text.plist.xml; path = Info.plist; sourceTree = "<group>"; };
		8BFCE0B61BA53BB900C6F563 /* SocialNetworkTests.m */ = {isa = PBXFileReference; lastKnownFileType = sourcecode.c.objc; path = SocialNetworkTests.m; sourceTree = "<group>"; };
/* End PBXFileReference section */

/* Begin PBXFrameworksBuildPhase section */
		8BFCE0911BA53BB800C6F563 /* Frameworks */ = {
			isa = PBXFrameworksBuildPhase;
			buildActionMask = 2147483647;
			files = (
			);
			runOnlyForDeploymentPostprocessing = 0;
		};
		8BFCE0AD1BA53BB900C6F563 /* Frameworks */ = {
			isa = PBXFrameworksBuildPhase;
			buildActionMask = 2147483647;
			files = (
			);
			runOnlyForDeploymentPostprocessing = 0;
		};
/* End PBXFrameworksBuildPhase section */

/* Begin PBXGroup section */
		8BFCE08B1BA53BB800C6F563 = {
			isa = PBXGroup;
			children = (
				8BFCE0961BA53BB800C6F563 /* SocialNetwork */,
				8BFCE0B31BA53BB900C6F563 /* SocialNetworkTests */,
				8BFCE0951BA53BB800C6F563 /* Products */,
			);
			sourceTree = "<group>";
		};
		8BFCE0951BA53BB800C6F563 /* Products */ = {
			isa = PBXGroup;
			children = (
				8BFCE0941BA53BB800C6F563 /* SocialNetwork.app */,
				8BFCE0B01BA53BB900C6F563 /* SocialNetworkTests.xctest */,
			);
			name = Products;
			sourceTree = "<group>";
		};
		8BFCE0961BA53BB800C6F563 /* SocialNetwork */ = {
			isa = PBXGroup;
			children = (
				8BFCE09B1BA53BB800C6F563 /* AppDelegate.h */,
				8BFCE09C1BA53BB800C6F563 /* AppDelegate.m */,
				8BFCE09E1BA53BB800C6F563 /* FirstViewController.h */,
				8BFCE09F1BA53BB800C6F563 /* FirstViewController.m */,
				8BFCE0A11BA53BB800C6F563 /* SecondViewController.h */,
				8BFCE0A21BA53BB800C6F563 /* SecondViewController.m */,
				8BFCE0A41BA53BB900C6F563 /* Main.storyboard */,
				8BFCE0A71BA53BB900C6F563 /* Images.xcassets */,
				8BFCE0A91BA53BB900C6F563 /* LaunchScreen.xib */,
				8BFCE0971BA53BB800C6F563 /* Supporting Files */,
			);
			path = SocialNetwork;
			sourceTree = "<group>";
		};
		8BFCE0971BA53BB800C6F563 /* Supporting Files */ = {
			isa = PBXGroup;
			children = (
				8BFCE0981BA53BB800C6F563 /* Info.plist */,
				8BFCE0991BA53BB800C6F563 /* main.m */,
			);
			name = "Supporting Files";
			sourceTree = "<group>";
		};
		8BFCE0B31BA53BB900C6F563 /* SocialNetworkTests */ = {
			isa = PBXGroup;
			children = (
				8BFCE0B61BA53BB900C6F563 /* SocialNetworkTests.m */,
				8BFCE0B41BA53BB900C6F563 /* Supporting Files */,
			);
			path = SocialNetworkTests;
			sourceTree = "<group>";
		};
		8BFCE0B41BA53BB900C6F563 /* Supporting Files */ = {
			isa = PBXGroup;
			children = (
				8BFCE0B51BA53BB900C6F563 /* Info.plist */,
			);
			name = "Supporting Files";
			sourceTree = "<group>";
		};
/* End PBXGroup section */

/* Begin PBXNativeTarget section */
		8BFCE0931BA53BB800C6F563 /* SocialNetwork */ = {
			isa = PBXNativeTarget;
			buildConfigurationList = 8BFCE0BA1BA53BB900C6F563 /* Build configuration list for PBXNativeTarget "SocialNetwork" */;
			buildPhases = (
				8BFCE0901BA53BB800C6F563 /* Sources */,
				8BFCE0911BA53BB800C6F563 /* Frameworks */,
				8BFCE0921BA53BB800C6F563 /* Resources */,
			);
			buildRules = (
			);
			dependencies = (
			);
			name = SocialNetwork;
			productName = SocialNetwork;
			productReference = 8BFCE0941BA53BB800C6F563 /* SocialNetwork.app */;
			productType = "com.apple.product-type.application";
		};
		8BFCE0AF1BA53BB900C6F563 /* SocialNetworkTests */ = {
			isa = PBXNativeTarget;
			buildConfigurationList = 8BFCE0BD1BA53BB900C6F563 /* Build configuration list for PBXNativeTarget "SocialNetworkTests" */;
			buildPhases = (
				8BFCE0AC1BA53BB900C6F563 /* Sources */,
				8BFCE0AD1BA53BB900C6F563 /* Frameworks */,
				8BFCE0AE1BA53BB900C6F563 /* Resources */,
			);
			buildRules = (
			);
			dependencies = (
				8BFCE0B21BA53BB900C6F563 /* PBXTargetDependency */,
			);
			name = SocialNetworkTests;
			productName = SocialNetworkTests;
			productReference = 8BFCE0B01BA53BB900C6F563 /* SocialNetworkTests.xctest */;
			productType = "com.apple.product-type.bundle.unit-test";
		};
/* End PBXNativeTarget section */

/* Begin PBXProject section */
		8BFCE08C1BA53BB800C6F563 /* Project object */ = {
			isa = PBXProject;
			attributes = {
				LastUpgradeCheck = 0640;
				ORGANIZATIONNAME = Learning;
				TargetAttributes = {
					8BFCE0931BA53BB800C6F563 = {
						CreatedOnToolsVersion = 6.4;
					};
					8BFCE0AF1BA53BB900C6F563 = {
						CreatedOnToolsVersion = 6.4;
						TestTargetID = 8BFCE0931BA53BB800C6F563;
					};
				};
			};
			buildConfigurationList = 8BFCE08F1BA53BB800C6F563 /* Build configuration list for PBXProject "SocialNetwork" */;
			compatibilityVersion = "Xcode 3.2";
			developmentRegion = English;
			hasScannedForEncodings = 0;
			knownRegions = (
				en,
				Base,
			);
			mainGroup = 8BFCE08B1BA53BB800C6F563;
			productRefGroup = 8BFCE0951BA53BB800C6F563 /* Products */;
			projectDirPath = "";
			projectRoot = "";
			targets = (
				8BFCE0931BA53BB800C6F563 /* SocialNetwork */,
				8BFCE0AF1BA53BB900C6F563 /* SocialNetworkTests */,
			);
		};
/* End PBXProject section */

/* Begin PBXResourcesBuildPhase section */
		8BFCE0921BA53BB800C6F563 /* Resources */ = {
			isa = PBXResourcesBuildPhase;
			buildActionMask = 2147483647;
			files = (
				8BFCE0A61BA53BB900C6F563 /* Main.storyboard in Resources */,
				8BFCE0AB1BA53BB900C6F563 /* LaunchScreen.xib in Resources */,
				8BFCE0A81BA53BB900C6F563 /* Images.xcassets in Resources */,
			);
			runOnlyForDeploymentPostprocessing = 0;
		};
		8BFCE0AE1BA53BB900C6F563 /* Resources */ = {
			isa = PBXResourcesBuildPhase;
			buildActionMask = 2147483647;
			files = (
			);
			runOnlyForDeploymentPostprocessing = 0;
		};
/* End PBXResourcesBuildPhase section */

/* Begin PBXSourcesBuildPhase section */
		8BFCE0901BA53BB800C6F563 /* Sources */ = {
			isa = PBXSourcesBuildPhase;
			buildActionMask = 2147483647;
			files = (
				8BFCE0A31BA53BB800C6F563 /* SecondViewController.m in Sources */,
				8BFCE09D1BA53BB800C6F563 /* AppDelegate.m in Sources */,
				8BFCE0A01BA53BB800C6F563 /* FirstViewController.m in Sources */,
				8BFCE09A1BA53BB800C6F563 /* main.m in Sources */,
			);
			runOnlyForDeploymentPostprocessing = 0;
		};
		8BFCE0AC1BA53BB900C6F563 /* Sources */ = {
			isa = PBXSourcesBuildPhase;
			buildActionMask = 2147483647;
			files = (
				8BFCE0B71BA53BB900C6F563 /* SocialNetworkTests.m in Sources */,
			);
			runOnlyForDeploymentPostprocessing = 0;
		};
/* End PBXSourcesBuildPhase section */

/* Begin PBXTargetDependency section */
		8BFCE0B21BA53BB900C6F563 /* PBXTargetDependency */ = {
			isa = PBXTargetDependency;
			target = 8BFCE0931BA53BB800C6F563 /* SocialNetwork */;
			targetProxy = 8BFCE0B11BA53BB900C6F563 /* PBXContainerItemProxy */;
		};
/* End PBXTargetDependency section */

/* Begin PBXVariantGroup section */
		8BFCE0A41BA53BB900C6F563 /* Main.storyboard */ = {
			isa = PBXVariantGroup;
			children = (
				8BFCE0A51BA53BB900C6F563 /* Base */,
			);
			name = Main.storyboard;
			sourceTree = "<group>";
		};
		8BFCE0A91BA53BB900C6F563 /* LaunchScreen.xib */ = {
			isa = PBXVariantGroup;
			children = (
				8BFCE0AA1BA53BB900C6F563 /* Base */,
			);
			name = LaunchScreen.xib;
			sourceTree = "<group>";
		};
/* End PBXVariantGroup section */

/* Begin XCBuildConfiguration section */
		8BFCE0B81BA53BB900C6F563 /* Debug */ = {
			isa = XCBuildConfiguration;
			buildSettings = {
				ALWAYS_SEARCH_USER_PATHS = NO;
				CLANG_CXX_LANGUAGE_STANDARD = "gnu++0x";
				CLANG_CXX_LIBRARY = "libc++";
				CLANG_ENABLE_MODULES = YES;
				CLANG_ENABLE_OBJC_ARC = YES;
				CLANG_WARN_BOOL_CONVERSION = YES;
				CLANG_WARN_CONSTANT_CONVERSION = YES;
				CLANG_WARN_DIRECT_OBJC_ISA_USAGE = YES_ERROR;
				CLANG_WARN_EMPTY_BODY = YES;
				CLANG_WARN_ENUM_CONVERSION = YES;
				CLANG_WARN_INT_CONVERSION = YES;
				CLANG_WARN_OBJC_ROOT_CLASS = YES_ERROR;
				CLANG_WARN_UNREACHABLE_CODE = YES;
				CLANG_WARN__DUPLICATE_METHOD_MATCH = YES;
				"CODE_SIGN_IDENTITY[sdk=iphoneos*]" = "iPhone Developer";
				COPY_PHASE_STRIP = NO;
				DEBUG_INFORMATION_FORMAT = "dwarf-with-dsym";
				ENABLE_STRICT_OBJC_MSGSEND = YES;
				GCC_C_LANGUAGE_STANDARD = gnu99;
				GCC_DYNAMIC_NO_PIC = NO;
				GCC_NO_COMMON_BLOCKS = YES;
				GCC_OPTIMIZATION_LEVEL = 0;
				GCC_PREPROCESSOR_DEFINITIONS = (
					"DEBUG=1",
					"$(inherited)",
				);
				GCC_SYMBOLS_PRIVATE_EXTERN = NO;
				GCC_WARN_64_TO_32_BIT_CONVERSION = YES;
				GCC_WARN_ABOUT_RETURN_TYPE = YES_ERROR;
				GCC_WARN_UNDECLARED_SELECTOR = YES;
				GCC_WARN_UNINITIALIZED_AUTOS = YES_AGGRESSIVE;
				GCC_WARN_UNUSED_FUNCTION = YES;
				GCC_WARN_UNUSED_VARIABLE = YES;
				IPHONEOS_DEPLOYMENT_TARGET = 8.4;
				MTL_ENABLE_DEBUG_INFO = YES;
				ONLY_ACTIVE_ARCH = YES;
				SDKROOT = iphoneos;
			};
			name = Debug;
		};
		8BFCE0B91BA53BB900C6F563 /* Release */ = {
			isa = XCBuildConfiguration;
			buildSettings = {
				ALWAYS_SEARCH_USER_PATHS = NO;
				CLANG_CXX_LANGUAGE_STANDARD = "gnu++0x";
				CLANG_CXX_LIBRARY = "libc++";
				CLANG_ENABLE_MODULES = YES;
				CLANG_ENABLE_OBJC_ARC = YES;
				CLANG_WARN_BOOL_CONVERSION = YES;
				CLANG_WARN_CONSTANT_CONVERSION = YES;
				CLANG_WARN_DIRECT_OBJC_ISA_USAGE = YES_ERROR;
				CLANG_WARN_EMPTY_BODY = YES;
				CLANG_WARN_ENUM_CONVERSION = YES;
				CLANG_WARN_INT_CONVERSION = YES;
				CLANG_WARN_OBJC_ROOT_CLASS = YES_ERROR;
				CLANG_WARN_UNREACHABLE_CODE = YES;
				CLANG_WARN__DUPLICATE_METHOD_MATCH = YES;
				"CODE_SIGN_IDENTITY[sdk=iphoneos*]" = "iPhone Developer";
				COPY_PHASE_STRIP = NO;
				DEBUG_INFORMATION_FORMAT = "dwarf-with-dsym";
				ENABLE_NS_ASSERTIONS = NO;
				ENABLE_STRICT_OBJC_MSGSEND = YES;
				GCC_C_LANGUAGE_STANDARD = gnu99;
				GCC_NO_COMMON_BLOCKS = YES;
				GCC_WARN_64_TO_32_BIT_CONVERSION = YES;
				GCC_WARN_ABOUT_RETURN_TYPE = YES_ERROR;
				GCC_WARN_UNDECLARED_SELECTOR = YES;
				GCC_WARN_UNINITIALIZED_AUTOS = YES_AGGRESSIVE;
				GCC_WARN_UNUSED_FUNCTION = YES;
				GCC_WARN_UNUSED_VARIABLE = YES;
				IPHONEOS_DEPLOYMENT_TARGET = 8.4;
				MTL_ENABLE_DEBUG_INFO = NO;
				SDKROOT = iphoneos;
				VALIDATE_PRODUCT = YES;
			};
			name = Release;
		};
		8BFCE0BB1BA53BB900C6F563 /* Debug */ = {
			isa = XCBuildConfiguration;
			buildSettings = {
				ASSETCATALOG_COMPILER_APPICON_NAME = AppIcon;
				INFOPLIST_FILE = SocialNetwork/Info.plist;
				LD_RUNPATH_SEARCH_PATHS = "$(inherited) @executable_path/Frameworks";
				PRODUCT_NAME = "$(TARGET_NAME)";
			};
			name = Debug;
		};
		8BFCE0BC1BA53BB900C6F563 /* Release */ = {
			isa = XCBuildConfiguration;
			buildSettings = {
				ASSETCATALOG_COMPILER_APPICON_NAME = AppIcon;
				INFOPLIST_FILE = SocialNetwork/Info.plist;
				LD_RUNPATH_SEARCH_PATHS = "$(inherited) @executable_path/Frameworks";
				PRODUCT_NAME = "$(TARGET_NAME)";
			};
			name = Release;
		};
		8BFCE0BE1BA53BB900C6F563 /* Debug */ = {
			isa = XCBuildConfiguration;
			buildSettings = {
				BUNDLE_LOADER = "$(TEST_HOST)";
				FRAMEWORK_SEARCH_PATHS = (
					"$(SDKROOT)/Developer/Library/Frameworks",
					"$(inherited)",
				);
				GCC_PREPROCESSOR_DEFINITIONS = (
					"DEBUG=1",
					"$(inherited)",
				);
				INFOPLIST_FILE = SocialNetworkTests/Info.plist;
				LD_RUNPATH_SEARCH_PATHS = "$(inherited) @executable_path/Frameworks @loader_path/Frameworks";
				PRODUCT_NAME = "$(TARGET_NAME)";
				TEST_HOST = "$(BUILT_PRODUCTS_DIR)/SocialNetwork.app/SocialNetwork";
			};
			name = Debug;
		};
		8BFCE0BF1BA53BB900C6F563 /* Release */ = {
			isa = XCBuildConfiguration;
			buildSettings = {
				BUNDLE_LOADER = "$(TEST_HOST)";
				FRAMEWORK_SEARCH_PATHS = (
					"$(SDKROOT)/Developer/Library/Frameworks",
					"$(inherited)",
				);
				INFOPLIST_FILE = SocialNetworkTests/Info.plist;
				LD_RUNPATH_SEARCH_PATHS = "$(inherited) @executable_path/Frameworks @loader_path/Frameworks";
				PRODUCT_NAME = "$(TARGET_NAME)";
				TEST_HOST = "$(BUILT_PRODUCTS_DIR)/SocialNetwork.app/SocialNetwork";
			};
			name = Release;
		};
/* End XCBuildConfiguration section */

/* Begin XCConfigurationList section */
		8BFCE08F1BA53BB800C6F563 /* Build configuration list for PBXProject "SocialNetwork" */ = {
			isa = XCConfigurationList;
			buildConfigurations = (
				8BFCE0B81BA53BB900C6F563 /* Debug */,
				8BFCE0B91BA53BB900C6F563 /* Release */,
			);
			defaultConfigurationIsVisible = 0;
			defaultConfigurationName = Release;
		};
		8BFCE0BA1BA53BB900C6F563 /* Build configuration list for PBXNativeTarget "SocialNetwork" */ = {
			isa = XCConfigurationList;
			buildConfigurations = (
				8BFCE0BB1BA53BB900C6F563 /* Debug */,
				8BFCE0BC1BA53BB900C6F563 /* Release */,
			);
			defaultConfigurationIsVisible = 0;
		};
		8BFCE0BD1BA53BB900C6F563 /* Build configuration list for PBXNativeTarget "SocialNetworkTests" */ = {
			isa = XCConfigurationList;
			buildConfigurations = (
				8BFCE0BE1BA53BB900C6F563 /* Debug */,
				8BFCE0BF1BA53BB900C6F563 /* Release */,
			);
			defaultConfigurationIsVisible = 0;
		};
/* End XCConfigurationList section */
	};
	rootObject = 8BFCE08C1BA53BB800C6F563 /* Project object */;
}
